
Microsoft Visual Studio Solution File, Format Version 12.00
# Visual Studio Version 16
VisualStudioVersion = 16.0.29201.188
MinimumVisualStudioVersion = 10.0.40219.1
Project("{FAE04EC0-301F-11D3-BF4B-00C04F79EFBC}") = "InvokeSelf", "InvokeSelf\InvokeSelf.csproj", "{9E4F70FC-9D58-44D7-BC93-EFF4559B8A0C}"
EndProject
Global
	GlobalSection(SolutionConfigurationPlatforms) = preSolution
		Debug|Any CPU = Debug|Any CPU
		Release|Any CPU = Release|Any CPU
	EndGlobalSection
	GlobalSection(ProjectConfigurationPlatforms) = postSolution
		{9E4F70FC-9D58-44D7-BC93-EFF4559B8A0C}.Debug|Any CPU.ActiveCfg = Debug|Any CPU
		{9E4F70FC-9D58-44D7-BC93-EFF4559B8A0C}.Debug|Any CPU.Build.0 = Debug|Any CPU
		{9E4F70FC-9D58-44D7-BC93-EFF4559B8A0C}.Release|Any CPU.ActiveCfg = Release|Any CPU
		{9E4F70FC-9D58-44D7-BC93-EFF4559B8A0C}.Release|Any CPU.Build.0 = Release|Any CPU
	EndGlobalSection
	GlobalSection(SolutionProperties) = preSolution
		HideSolutionNode = FALSE
	EndGlobalSection
	GlobalSection(ExtensibilityGlobals) = postSolution
		SolutionGuid = {7C10719C-085E-4A61-88C7-6591B8F18C59}
	EndGlobalSection
EndGlobal
